
Microsoft Visual Studio Solution File, Format Version 12.00
# Visual Studio Version 17
VisualStudioVersion = 17.2.32519.379
MinimumVisualStudioVersion = 10.0.40219.1
Project("{2150E333-8FDC-42A3-9474-1A3956D46DE8}") = "Services", "Services", "{BC341258-56E9-4B64-A92E-418DFC7879B4}"
EndProject
Project("{2150E333-8FDC-42A3-9474-1A3956D46DE8}") = "WebApps", "WebApps", "{F75CB6C8-1D99-4F11-80F2-2A498A2F4874}"
EndProject
Project("{2150E333-8FDC-42A3-9474-1A3956D46DE8}") = "Cadastros", "Cadastros", "{0CFBF0EE-7B2C-4293-8529-0E88743B1052}"
EndProject
Project("{2150E333-8FDC-42A3-9474-1A3956D46DE8}") = "Catalogo", "Catalogo", "{EDCC8DF4-7313-4EDD-B804-7D84C2296F89}"
EndProject
Project("{2150E333-8FDC-42A3-9474-1A3956D46DE8}") = "Core", "Core", "{E20742E5-1654-452D-A341-68B8D4E6AF62}"
EndProject
Project("{2150E333-8FDC-42A3-9474-1A3956D46DE8}") = "Fiscal", "Fiscal", "{AF59C53E-8FCE-422C-9980-8CBCDB13B583}"
EndProject
Project("{2150E333-8FDC-42A3-9474-1A3956D46DE8}") = "Pagamentos", "Pagamentos", "{E2BAC238-51AB-4110-A313-3BA32E91522A}"
EndProject
Project("{2150E333-8FDC-42A3-9474-1A3956D46DE8}") = "Vendas", "Vendas", "{CDB589DB-8391-4EF2-96EC-D0C5A6345780}"
EndProject
Project("{9A19103F-16F7-4668-BE54-9A1E7A4F7556}") = "NerdStore.Catalogo.Domain", "src\NerdStore.Catalogo.Domain\NerdStore.Catalogo.Domain.csproj", "{E965C682-BA13-431F-A745-E10F66208951}"
EndProject
Project("{9A19103F-16F7-4668-BE54-9A1E7A4F7556}") = "NerdStore.Core", "src\NerdStore.Core\NerdStore.Core.csproj", "{C8B5EBC9-6518-4789-A8CA-607D4E19D884}"
EndProject
Project("{2150E333-8FDC-42A3-9474-1A3956D46DE8}") = "Tests", "Tests", "{E0840292-AAF6-4F3C-B146-9E68A83130E6}"
EndProject
Project("{9A19103F-16F7-4668-BE54-9A1E7A4F7556}") = "NerdStore.Catalogo.Domain.Tests", "tests\NerdStore.Catalogo.Domain.Tests\NerdStore.Catalogo.Domain.Tests.csproj", "{2ADC1CDC-685D-4140-8CAE-69B0F7D07786}"
EndProject
Project("{9A19103F-16F7-4668-BE54-9A1E7A4F7556}") = "NerdStore.Catalogo.Data", "src\NerdStore.Catalogo.Data\NerdStore.Catalogo.Data.csproj", "{BA08A252-6780-4B55-900F-A71F500E5E02}"
EndProject
Project("{9A19103F-16F7-4668-BE54-9A1E7A4F7556}") = "NerdStore.Catalogo.Application", "src\NerdStore.Catalogo.Application\NerdStore.Catalogo.Application.csproj", "{BF0B8E17-8E01-4AB9-98D4-0749C49BB3D0}"
EndProject
Project("{9A19103F-16F7-4668-BE54-9A1E7A4F7556}") = "NerdStore.WebApp.MVC", "src\NerdStore.WebApp.MVC\NerdStore.WebApp.MVC.csproj", "{CDD7C60D-491B-46C6-BEAB-64E681860A03}"
EndProject
Project("{9A19103F-16F7-4668-BE54-9A1E7A4F7556}") = "NerdStore.Vendas.Domain", "src\NerdStore.Vendas.Domain\NerdStore.Vendas.Domain.csproj", "{1DB30197-CCE7-4C9B-88FE-45F96944E490}"
EndProject
Project("{9A19103F-16F7-4668-BE54-9A1E7A4F7556}") = "NerdStore.Vendas.Application", "src\NerdStore.Vendas.Application\NerdStore.Vendas.Application.csproj", "{3E8D801D-CC21-42A3-9FD0-79C144981B89}"
EndProject
Project("{9A19103F-16F7-4668-BE54-9A1E7A4F7556}") = "NerdStore.Vendas.Data", "src\NerdStore.Vendas.Data\NerdStore.Vendas.Data.csproj", "{DEF8FDE1-7C8A-4FBF-AE57-677AF496A4FA}"
EndProject
Project("{FAE04EC0-301F-11D3-BF4B-00C04F79EFBC}") = "NerdStore.Pagamentos.AntiCorruption", "src\NerdStore.Pagamentos.AntiCorruption\NerdStore.Pagamentos.AntiCorruption.csproj", "{7AB12C7B-1434-4B0E-B78C-B9BECB5008B2}"
EndProject
Project("{FAE04EC0-301F-11D3-BF4B-00C04F79EFBC}") = "NerdStore.Pagamentos.Business", "src\NerdStore.Pagamentos.Business\NerdStore.Pagamentos.Business.csproj", "{2B31E253-70FC-4D26-BCF2-268C41795CE0}"
EndProject
Project("{FAE04EC0-301F-11D3-BF4B-00C04F79EFBC}") = "NerdStore.Pagamentos.Data", "src\NerdStore.Pagamentos.Data\NerdStore.Pagamentos.Data.csproj", "{8C89F72C-AAA6-4B09-B587-827C980A4C39}"
EndProject
Global
	GlobalSection(SolutionConfigurationPlatforms) = preSolution
		Debug|Any CPU = Debug|Any CPU
		Release|Any CPU = Release|Any CPU
	EndGlobalSection
	GlobalSection(ProjectConfigurationPlatforms) = postSolution
		{E965C682-BA13-431F-A745-E10F66208951}.Debug|Any CPU.ActiveCfg = Debug|Any CPU
		{E965C682-BA13-431F-A745-E10F66208951}.Debug|Any CPU.Build.0 = Debug|Any CPU
		{E965C682-BA13-431F-A745-E10F66208951}.Release|Any CPU.ActiveCfg = Release|Any CPU
		{E965C682-BA13-431F-A745-E10F66208951}.Release|Any CPU.Build.0 = Release|Any CPU
		{C8B5EBC9-6518-4789-A8CA-607D4E19D884}.Debug|Any CPU.ActiveCfg = Debug|Any CPU
		{C8B5EBC9-6518-4789-A8CA-607D4E19D884}.Debug|Any CPU.Build.0 = Debug|Any CPU
		{C8B5EBC9-6518-4789-A8CA-607D4E19D884}.Release|Any CPU.ActiveCfg = Release|Any CPU
		{C8B5EBC9-6518-4789-A8CA-607D4E19D884}.Release|Any CPU.Build.0 = Release|Any CPU
		{2ADC1CDC-685D-4140-8CAE-69B0F7D07786}.Debug|Any CPU.ActiveCfg = Debug|Any CPU
		{2ADC1CDC-685D-4140-8CAE-69B0F7D07786}.Debug|Any CPU.Build.0 = Debug|Any CPU
		{2ADC1CDC-685D-4140-8CAE-69B0F7D07786}.Release|Any CPU.ActiveCfg = Release|Any CPU
		{2ADC1CDC-685D-4140-8CAE-69B0F7D07786}.Release|Any CPU.Build.0 = Release|Any CPU
		{BA08A252-6780-4B55-900F-A71F500E5E02}.Debug|Any CPU.ActiveCfg = Debug|Any CPU
		{BA08A252-6780-4B55-900F-A71F500E5E02}.Debug|Any CPU.Build.0 = Debug|Any CPU
		{BA08A252-6780-4B55-900F-A71F500E5E02}.Release|Any CPU.ActiveCfg = Release|Any CPU
		{BA08A252-6780-4B55-900F-A71F500E5E02}.Release|Any CPU.Build.0 = Release|Any CPU
		{BF0B8E17-8E01-4AB9-98D4-0749C49BB3D0}.Debug|Any CPU.ActiveCfg = Debug|Any CPU
		{BF0B8E17-8E01-4AB9-98D4-0749C49BB3D0}.Debug|Any CPU.Build.0 = Debug|Any CPU
		{BF0B8E17-8E01-4AB9-98D4-0749C49BB3D0}.Release|Any CPU.ActiveCfg = Release|Any CPU
		{BF0B8E17-8E01-4AB9-98D4-0749C49BB3D0}.Release|Any CPU.Build.0 = Release|Any CPU
		{CDD7C60D-491B-46C6-BEAB-64E681860A03}.Debug|Any CPU.ActiveCfg = Debug|Any CPU
		{CDD7C60D-491B-46C6-BEAB-64E681860A03}.Debug|Any CPU.Build.0 = Debug|Any CPU
		{CDD7C60D-491B-46C6-BEAB-64E681860A03}.Release|Any CPU.ActiveCfg = Release|Any CPU
		{CDD7C60D-491B-46C6-BEAB-64E681860A03}.Release|Any CPU.Build.0 = Release|Any CPU
		{1DB30197-CCE7-4C9B-88FE-45F96944E490}.Debug|Any CPU.ActiveCfg = Debug|Any CPU
		{1DB30197-CCE7-4C9B-88FE-45F96944E490}.Debug|Any CPU.Build.0 = Debug|Any CPU
		{1DB30197-CCE7-4C9B-88FE-45F96944E490}.Release|Any CPU.ActiveCfg = Release|Any CPU
		{1DB30197-CCE7-4C9B-88FE-45F96944E490}.Release|Any CPU.Build.0 = Release|Any CPU
		{3E8D801D-CC21-42A3-9FD0-79C144981B89}.Debug|Any CPU.ActiveCfg = Debug|Any CPU
		{3E8D801D-CC21-42A3-9FD0-79C144981B89}.Debug|Any CPU.Build.0 = Debug|Any CPU
		{3E8D801D-CC21-42A3-9FD0-79C144981B89}.Release|Any CPU.ActiveCfg = Release|Any CPU
		{3E8D801D-CC21-42A3-9FD0-79C144981B89}.Release|Any CPU.Build.0 = Release|Any CPU
		{DEF8FDE1-7C8A-4FBF-AE57-677AF496A4FA}.Debug|Any CPU.ActiveCfg = Debug|Any CPU
		{DEF8FDE1-7C8A-4FBF-AE57-677AF496A4FA}.Debug|Any CPU.Build.0 = Debug|Any CPU
		{DEF8FDE1-7C8A-4FBF-AE57-677AF496A4FA}.Release|Any CPU.ActiveCfg = Release|Any CPU
		{DEF8FDE1-7C8A-4FBF-AE57-677AF496A4FA}.Release|Any CPU.Build.0 = Release|Any CPU
		{7AB12C7B-1434-4B0E-B78C-B9BECB5008B2}.Debug|Any CPU.ActiveCfg = Debug|Any CPU
		{7AB12C7B-1434-4B0E-B78C-B9BECB5008B2}.Debug|Any CPU.Build.0 = Debug|Any CPU
		{7AB12C7B-1434-4B0E-B78C-B9BECB5008B2}.Release|Any CPU.ActiveCfg = Release|Any CPU
		{7AB12C7B-1434-4B0E-B78C-B9BECB5008B2}.Release|Any CPU.Build.0 = Release|Any CPU
		{2B31E253-70FC-4D26-BCF2-268C41795CE0}.Debug|Any CPU.ActiveCfg = Debug|Any CPU
		{2B31E253-70FC-4D26-BCF2-268C41795CE0}.Debug|Any CPU.Build.0 = Debug|Any CPU
		{2B31E253-70FC-4D26-BCF2-268C41795CE0}.Release|Any CPU.ActiveCfg = Release|Any CPU
		{2B31E253-70FC-4D26-BCF2-268C41795CE0}.Release|Any CPU.Build.0 = Release|Any CPU
		{8C89F72C-AAA6-4B09-B587-827C980A4C39}.Debug|Any CPU.ActiveCfg = Debug|Any CPU
		{8C89F72C-AAA6-4B09-B587-827C980A4C39}.Debug|Any CPU.Build.0 = Debug|Any CPU
		{8C89F72C-AAA6-4B09-B587-827C980A4C39}.Release|Any CPU.ActiveCfg = Release|Any CPU
		{8C89F72C-AAA6-4B09-B587-827C980A4C39}.Release|Any CPU.Build.0 = Release|Any CPU
	EndGlobalSection
	GlobalSection(SolutionProperties) = preSolution
		HideSolutionNode = FALSE
	EndGlobalSection
	GlobalSection(NestedProjects) = preSolution
		{0CFBF0EE-7B2C-4293-8529-0E88743B1052} = {BC341258-56E9-4B64-A92E-418DFC7879B4}
		{EDCC8DF4-7313-4EDD-B804-7D84C2296F89} = {BC341258-56E9-4B64-A92E-418DFC7879B4}
		{E20742E5-1654-452D-A341-68B8D4E6AF62} = {BC341258-56E9-4B64-A92E-418DFC7879B4}
		{AF59C53E-8FCE-422C-9980-8CBCDB13B583} = {BC341258-56E9-4B64-A92E-418DFC7879B4}
		{E2BAC238-51AB-4110-A313-3BA32E91522A} = {BC341258-56E9-4B64-A92E-418DFC7879B4}
		{CDB589DB-8391-4EF2-96EC-D0C5A6345780} = {BC341258-56E9-4B64-A92E-418DFC7879B4}
		{E965C682-BA13-431F-A745-E10F66208951} = {EDCC8DF4-7313-4EDD-B804-7D84C2296F89}
		{C8B5EBC9-6518-4789-A8CA-607D4E19D884} = {E20742E5-1654-452D-A341-68B8D4E6AF62}
		{E0840292-AAF6-4F3C-B146-9E68A83130E6} = {EDCC8DF4-7313-4EDD-B804-7D84C2296F89}
		{2ADC1CDC-685D-4140-8CAE-69B0F7D07786} = {E0840292-AAF6-4F3C-B146-9E68A83130E6}
		{BA08A252-6780-4B55-900F-A71F500E5E02} = {EDCC8DF4-7313-4EDD-B804-7D84C2296F89}
		{BF0B8E17-8E01-4AB9-98D4-0749C49BB3D0} = {EDCC8DF4-7313-4EDD-B804-7D84C2296F89}
		{CDD7C60D-491B-46C6-BEAB-64E681860A03} = {F75CB6C8-1D99-4F11-80F2-2A498A2F4874}
		{1DB30197-CCE7-4C9B-88FE-45F96944E490} = {CDB589DB-8391-4EF2-96EC-D0C5A6345780}
		{3E8D801D-CC21-42A3-9FD0-79C144981B89} = {CDB589DB-8391-4EF2-96EC-D0C5A6345780}
		{DEF8FDE1-7C8A-4FBF-AE57-677AF496A4FA} = {CDB589DB-8391-4EF2-96EC-D0C5A6345780}
		{7AB12C7B-1434-4B0E-B78C-B9BECB5008B2} = {E2BAC238-51AB-4110-A313-3BA32E91522A}
		{2B31E253-70FC-4D26-BCF2-268C41795CE0} = {E2BAC238-51AB-4110-A313-3BA32E91522A}
		{8C89F72C-AAA6-4B09-B587-827C980A4C39} = {E2BAC238-51AB-4110-A313-3BA32E91522A}
	EndGlobalSection
	GlobalSection(ExtensibilityGlobals) = postSolution
		SolutionGuid = {012DC0EE-83F4-4C61-A62E-05437FD83C1C}
	EndGlobalSection
EndGlobal
