
Microsoft Visual Studio Solution File, Format Version 12.00
# Visual Studio Version 17
VisualStudioVersion = 17.2.32519.379
MinimumVisualStudioVersion = 10.0.40219.1
Project("{2150E333-8FDC-42A3-9474-1A3956D46DE8}") = "Services", "Services", "{BC341258-56E9-4B64-A92E-418DFC7879B4}"
EndProject
Project("{2150E333-8FDC-42A3-9474-1A3956D46DE8}") = "WebApps", "WebApps", "{F75CB6C8-1D99-4F11-80F2-2A498A2F4874}"
EndProject
Project("{2150E333-8FDC-42A3-9474-1A3956D46DE8}") = "Cadastros", "Cadastros", "{0CFBF0EE-7B2C-4293-8529-0E88743B1052}"
EndProject
Project("{2150E333-8FDC-42A3-9474-1A3956D46DE8}") = "Catalogo", "Catalogo", "{EDCC8DF4-7313-4EDD-B804-7D84C2296F89}"
EndProject
Project("{2150E333-8FDC-42A3-9474-1A3956D46DE8}") = "Core", "Core", "{E20742E5-1654-452D-A341-68B8D4E6AF62}"
EndProject
Project("{2150E333-8FDC-42A3-9474-1A3956D46DE8}") = "Fiscal", "Fiscal", "{AF59C53E-8FCE-422C-9980-8CBCDB13B583}"
EndProject
Project("{2150E333-8FDC-42A3-9474-1A3956D46DE8}") = "Pagamentos", "Pagamentos", "{E2BAC238-51AB-4110-A313-3BA32E91522A}"
EndProject
Project("{2150E333-8FDC-42A3-9474-1A3956D46DE8}") = "Vendas", "Vendas", "{CDB589DB-8391-4EF2-96EC-D0C5A6345780}"
EndProject
Project("{9A19103F-16F7-4668-BE54-9A1E7A4F7556}") = "NerdStore.Catalogo.Domain", "src\NerdStore.Catalogo.Domain\NerdStore.Catalogo.Domain.csproj", "{E965C682-BA13-431F-A745-E10F66208951}"
EndProject
Project("{9A19103F-16F7-4668-BE54-9A1E7A4F7556}") = "NerdStore.Core", "src\NerdStore.Core\NerdStore.Core.csproj", "{C8B5EBC9-6518-4789-A8CA-607D4E19D884}"
EndProject
Project("{2150E333-8FDC-42A3-9474-1A3956D46DE8}") = "Tests", "Tests", "{E0840292-AAF6-4F3C-B146-9E68A83130E6}"
EndProject
Project("{FAE04EC0-301F-11D3-BF4B-00C04F79EFBC}") = "NerdStore.Catalogo.Domain.Tests", "tests\NerdStore.Catalogo.Domain.Tests\NerdStore.Catalogo.Domain.Tests.csproj", "{2ADC1CDC-685D-4140-8CAE-69B0F7D07786}"
EndProject
Global
	GlobalSection(SolutionConfigurationPlatforms) = preSolution
		Debug|Any CPU = Debug|Any CPU
		Release|Any CPU = Release|Any CPU
	EndGlobalSection
	GlobalSection(ProjectConfigurationPlatforms) = postSolution
		{E965C682-BA13-431F-A745-E10F66208951}.Debug|Any CPU.ActiveCfg = Debug|Any CPU
		{E965C682-BA13-431F-A745-E10F66208951}.Debug|Any CPU.Build.0 = Debug|Any CPU
		{E965C682-BA13-431F-A745-E10F66208951}.Release|Any CPU.ActiveCfg = Release|Any CPU
		{E965C682-BA13-431F-A745-E10F66208951}.Release|Any CPU.Build.0 = Release|Any CPU
		{C8B5EBC9-6518-4789-A8CA-607D4E19D884}.Debug|Any CPU.ActiveCfg = Debug|Any CPU
		{C8B5EBC9-6518-4789-A8CA-607D4E19D884}.Debug|Any CPU.Build.0 = Debug|Any CPU
		{C8B5EBC9-6518-4789-A8CA-607D4E19D884}.Release|Any CPU.ActiveCfg = Release|Any CPU
		{C8B5EBC9-6518-4789-A8CA-607D4E19D884}.Release|Any CPU.Build.0 = Release|Any CPU
		{2ADC1CDC-685D-4140-8CAE-69B0F7D07786}.Debug|Any CPU.ActiveCfg = Debug|Any CPU
		{2ADC1CDC-685D-4140-8CAE-69B0F7D07786}.Debug|Any CPU.Build.0 = Debug|Any CPU
		{2ADC1CDC-685D-4140-8CAE-69B0F7D07786}.Release|Any CPU.ActiveCfg = Release|Any CPU
		{2ADC1CDC-685D-4140-8CAE-69B0F7D07786}.Release|Any CPU.Build.0 = Release|Any CPU
	EndGlobalSection
	GlobalSection(SolutionProperties) = preSolution
		HideSolutionNode = FALSE
	EndGlobalSection
	GlobalSection(NestedProjects) = preSolution
		{0CFBF0EE-7B2C-4293-8529-0E88743B1052} = {BC341258-56E9-4B64-A92E-418DFC7879B4}
		{EDCC8DF4-7313-4EDD-B804-7D84C2296F89} = {BC341258-56E9-4B64-A92E-418DFC7879B4}
		{E20742E5-1654-452D-A341-68B8D4E6AF62} = {BC341258-56E9-4B64-A92E-418DFC7879B4}
		{AF59C53E-8FCE-422C-9980-8CBCDB13B583} = {BC341258-56E9-4B64-A92E-418DFC7879B4}
		{E2BAC238-51AB-4110-A313-3BA32E91522A} = {BC341258-56E9-4B64-A92E-418DFC7879B4}
		{CDB589DB-8391-4EF2-96EC-D0C5A6345780} = {BC341258-56E9-4B64-A92E-418DFC7879B4}
		{E965C682-BA13-431F-A745-E10F66208951} = {EDCC8DF4-7313-4EDD-B804-7D84C2296F89}
		{C8B5EBC9-6518-4789-A8CA-607D4E19D884} = {E20742E5-1654-452D-A341-68B8D4E6AF62}
		{E0840292-AAF6-4F3C-B146-9E68A83130E6} = {EDCC8DF4-7313-4EDD-B804-7D84C2296F89}
		{2ADC1CDC-685D-4140-8CAE-69B0F7D07786} = {E0840292-AAF6-4F3C-B146-9E68A83130E6}
	EndGlobalSection
	GlobalSection(ExtensibilityGlobals) = postSolution
		SolutionGuid = {012DC0EE-83F4-4C61-A62E-05437FD83C1C}
	EndGlobalSection
EndGlobal
